Microsoft Visual Studio Solution File, Format Version 8.00
Project("{8BC9CEB8-8B4A-11D0-8D11-00A0C91BC942}") = "Sh", "Sh.vcproj", "{8D41EF2E-D3A7-4EE9-80ED-9706F482EAA7}"
	ProjectSection(ProjectDependencies) = postProject
	EndProjectSection
EndProject
Project("{8BC9CEB8-8B4A-11D0-8D11-00A0C91BC942}") = "ShUtil", "ShUtil.vcproj", "{AAB247CA-4D0A-41E6-BA0B-C673B30B1AAD}"
	ProjectSection(ProjectDependencies) = postProject
		{8D41EF2E-D3A7-4EE9-80ED-9706F482EAA7} = {8D41EF2E-D3A7-4EE9-80ED-9706F482EAA7}
	EndProjectSection
EndProject
Project("{8BC9CEB8-8B4A-11D0-8D11-00A0C91BC942}") = "ShCcBackend", "ShCcBackend.vcproj", "{5EBFE9AC-414D-4A1F-A0DA-4AB8B118C1C2}"
	ProjectSection(ProjectDependencies) = postProject
		{8D41EF2E-D3A7-4EE9-80ED-9706F482EAA7} = {8D41EF2E-D3A7-4EE9-80ED-9706F482EAA7}
	EndProjectSection
EndProject
Project("{8BC9CEB8-8B4A-11D0-8D11-00A0C91BC942}") = "ShArbBackend", "ShArbBackend.vcproj", "{FEA8789F-A94C-44E6-8583-45C3383D1A40}"
	ProjectSection(ProjectDependencies) = postProject
		{8D41EF2E-D3A7-4EE9-80ED-9706F482EAA7} = {8D41EF2E-D3A7-4EE9-80ED-9706F482EAA7}
	EndProjectSection
EndProject
Project("{8BC9CEB8-8B4A-11D0-8D11-00A0C91BC942}") = "ShGlslBackend", "ShGlslBackend.vcproj", "{51FE302B-9FB8-4525-B7AB-E1447ED75CBE}"
	ProjectSection(ProjectDependencies) = postProject
		{8D41EF2E-D3A7-4EE9-80ED-9706F482EAA7} = {8D41EF2E-D3A7-4EE9-80ED-9706F482EAA7}
	EndProjectSection
EndProject
Project("{8BC9CEB8-8B4A-11D0-8D11-00A0C91BC942}") = "ShGlutExample", "ShGlutExample.vcproj", "{227C5940-6E2C-4213-9460-DF65BD7F314F}"
	ProjectSection(ProjectDependencies) = postProject
		{51FE302B-9FB8-4525-B7AB-E1447ED75CBE} = {51FE302B-9FB8-4525-B7AB-E1447ED75CBE}
		{8D41EF2E-D3A7-4EE9-80ED-9706F482EAA7} = {8D41EF2E-D3A7-4EE9-80ED-9706F482EAA7}
		{FEA8789F-A94C-44E6-8583-45C3383D1A40} = {FEA8789F-A94C-44E6-8583-45C3383D1A40}
	EndProjectSection
EndProject
Global
	GlobalSection(SolutionConfiguration) = preSolution
		Debug = Debug
		Release = Release
	EndGlobalSection
	GlobalSection(ProjectConfiguration) = postSolution
		{8D41EF2E-D3A7-4EE9-80ED-9706F482EAA7}.Debug.ActiveCfg = Debug|Win32
		{8D41EF2E-D3A7-4EE9-80ED-9706F482EAA7}.Debug.Build.0 = Debug|Win32
		{8D41EF2E-D3A7-4EE9-80ED-9706F482EAA7}.Release.ActiveCfg = Release|Win32
		{8D41EF2E-D3A7-4EE9-80ED-9706F482EAA7}.Release.Build.0 = Release|Win32
		{AAB247CA-4D0A-41E6-BA0B-C673B30B1AAD}.Debug.ActiveCfg = Debug|Win32
		{AAB247CA-4D0A-41E6-BA0B-C673B30B1AAD}.Debug.Build.0 = Debug|Win32
		{AAB247CA-4D0A-41E6-BA0B-C673B30B1AAD}.Release.ActiveCfg = Release|Win32
		{AAB247CA-4D0A-41E6-BA0B-C673B30B1AAD}.Release.Build.0 = Release|Win32
		{5EBFE9AC-414D-4A1F-A0DA-4AB8B118C1C2}.Debug.ActiveCfg = Debug|Win32
		{5EBFE9AC-414D-4A1F-A0DA-4AB8B118C1C2}.Debug.Build.0 = Debug|Win32
		{5EBFE9AC-414D-4A1F-A0DA-4AB8B118C1C2}.Release.ActiveCfg = Release|Win32
		{5EBFE9AC-414D-4A1F-A0DA-4AB8B118C1C2}.Release.Build.0 = Release|Win32
		{FEA8789F-A94C-44E6-8583-45C3383D1A40}.Debug.ActiveCfg = Debug|Win32
		{FEA8789F-A94C-44E6-8583-45C3383D1A40}.Debug.Build.0 = Debug|Win32
		{FEA8789F-A94C-44E6-8583-45C3383D1A40}.Release.ActiveCfg = Release|Win32
		{FEA8789F-A94C-44E6-8583-45C3383D1A40}.Release.Build.0 = Release|Win32
		{51FE302B-9FB8-4525-B7AB-E1447ED75CBE}.Debug.ActiveCfg = Debug|Win32
		{51FE302B-9FB8-4525-B7AB-E1447ED75CBE}.Debug.Build.0 = Debug|Win32
		{51FE302B-9FB8-4525-B7AB-E1447ED75CBE}.Release.ActiveCfg = Release|Win32
		{51FE302B-9FB8-4525-B7AB-E1447ED75CBE}.Release.Build.0 = Release|Win32
		{227C5940-6E2C-4213-9460-DF65BD7F314F}.Debug.ActiveCfg = Debug|Win32
		{227C5940-6E2C-4213-9460-DF65BD7F314F}.Debug.Build.0 = Debug|Win32
		{227C5940-6E2C-4213-9460-DF65BD7F314F}.Release.ActiveCfg = Release|Win32
		{227C5940-6E2C-4213-9460-DF65BD7F314F}.Release.Build.0 = Release|Win32
	EndGlobalSection
	GlobalSection(ExtensibilityGlobals) = postSolution
	EndGlobalSection
	GlobalSection(ExtensibilityAddIns) = postSolution
	EndGlobalSection
EndGlobal
