Microsoft Visual Studio Solution File, Format Version 8.00
Project("{8BC9CEB8-8B4A-11D0-8D11-00A0C91BC942}") = "Sh", "Sh.vcproj", "{8D41EF2E-D3A7-4EE9-80ED-9706F482EAA7}"
	ProjectSection(ProjectDependencies) = postProject
	EndProjectSection
EndProject
Project("{8BC9CEB8-8B4A-11D0-8D11-00A0C91BC942}") = "Shutil", "Shutil.vcproj", "{AAB247CA-4D0A-41E6-BA0B-C673B30B1AAD}"
	ProjectSection(ProjectDependencies) = postProject
	EndProjectSection
EndProject
Project("{8BC9CEB8-8B4A-11D0-8D11-00A0C91BC942}") = "ShGlBackend", "ShGlBackend.vcproj", "{FEA8789F-A94C-44E6-8583-45C3383D1A40}"
	ProjectSection(ProjectDependencies) = postProject
		{8D41EF2E-D3A7-4EE9-80ED-9706F482EAA7} = {8D41EF2E-D3A7-4EE9-80ED-9706F482EAA7}
	EndProjectSection
EndProject
Global
	GlobalSection(SolutionConfiguration) = preSolution
		Debug = Debug
		Release = Release
	EndGlobalSection
	GlobalSection(ProjectConfiguration) = postSolution
		{8D41EF2E-D3A7-4EE9-80ED-9706F482EAA7}.Debug.ActiveCfg = Debug|Win32
		{8D41EF2E-D3A7-4EE9-80ED-9706F482EAA7}.Debug.Build.0 = Debug|Win32
		{8D41EF2E-D3A7-4EE9-80ED-9706F482EAA7}.Release.ActiveCfg = Release|Win32
		{8D41EF2E-D3A7-4EE9-80ED-9706F482EAA7}.Release.Build.0 = Release|Win32
		{AAB247CA-4D0A-41E6-BA0B-C673B30B1AAD}.Debug.ActiveCfg = Debug|Win32
		{AAB247CA-4D0A-41E6-BA0B-C673B30B1AAD}.Debug.Build.0 = Debug|Win32
		{AAB247CA-4D0A-41E6-BA0B-C673B30B1AAD}.Release.ActiveCfg = Release|Win32
		{AAB247CA-4D0A-41E6-BA0B-C673B30B1AAD}.Release.Build.0 = Release|Win32
		{FEA8789F-A94C-44E6-8583-45C3383D1A40}.Debug.ActiveCfg = Debug|Win32
		{FEA8789F-A94C-44E6-8583-45C3383D1A40}.Debug.Build.0 = Debug|Win32
		{FEA8789F-A94C-44E6-8583-45C3383D1A40}.Release.ActiveCfg = Release|Win32
		{FEA8789F-A94C-44E6-8583-45C3383D1A40}.Release.Build.0 = Release|Win32
	EndGlobalSection
	GlobalSection(ExtensibilityGlobals) = postSolution
	EndGlobalSection
	GlobalSection(ExtensibilityAddIns) = postSolution
	EndGlobalSection
EndGlobal
